
Microsoft Visual Studio Solution File, Format Version 12.00
# Visual Studio Version 17
VisualStudioVersion = 17.4.33213.308
MinimumVisualStudioVersion = 10.0.40219.1
Project("{FAE04EC0-301F-11D3-BF4B-00C04F79EFBC}") = "MyFirstApp", "MyFirstApp\MyFirstApp.csproj", "{DE38508A-ED14-431A-9DDD-59401619C212}"
EndProject
Global
	GlobalSection(SolutionConfigurationPlatforms) = preSolution
		Debug|Any CPU = Debug|Any CPU
		Release|Any CPU = Release|Any CPU
	EndGlobalSection
	GlobalSection(ProjectConfigurationPlatforms) = postSolution
		{DE38508A-ED14-431A-9DDD-59401619C212}.Debug|Any CPU.ActiveCfg = Debug|Any CPU
		{DE38508A-ED14-431A-9DDD-59401619C212}.Debug|Any CPU.Build.0 = Debug|Any CPU
		{DE38508A-ED14-431A-9DDD-59401619C212}.Release|Any CPU.ActiveCfg = Release|Any CPU
		{DE38508A-ED14-431A-9DDD-59401619C212}.Release|Any CPU.Build.0 = Release|Any CPU
	EndGlobalSection
	GlobalSection(SolutionProperties) = preSolution
		HideSolutionNode = FALSE
	EndGlobalSection
	GlobalSection(ExtensibilityGlobals) = postSolution
		SolutionGuid = {B2AB5DF8-7528-4B9A-8FBA-92412FE0D571}
	EndGlobalSection
EndGlobal
